// !$*UTF8*$!
{
	archiveVersion = 1;
	classes = {
	};
	objectVersion = 46;
	objects = {

/* Begin PBXBuildFile section */
		2DF4E8CA1E9CFADA0045D1EF /* AppDelegate.swift in Sources */ = {isa = PBXBuildFile; fileRef = 2DF4E8C91E9CFADA0045D1EF /* AppDelegate.swift */; };
		2DF4E8CC1E9CFADA0045D1EF /* ViewController.swift in Sources */ = {isa = PBXBuildFile; fileRef = 2DF4E8CB1E9CFADA0045D1EF /* ViewController.swift */; };
		2DF4E8CF1E9CFADA0045D1EF /* Main.storyboard in Resources */ = {isa = PBXBuildFile; fileRef = 2DF4E8CD1E9CFADA0045D1EF /* Main.storyboard */; };
		2DF4E8D11E9CFADA0045D1EF /* Assets.xcassets in Resources */ = {isa = PBXBuildFile; fileRef = 2DF4E8D01E9CFADA0045D1EF /* Assets.xcassets */; };
		2DF4E8D41E9CFADA0045D1EF /* LaunchScreen.storyboard in Resources */ = {isa = PBXBuildFile; fileRef = 2DF4E8D21E9CFADA0045D1EF /* LaunchScreen.storyboard */; };
		2DF4E8DD1E9CFB2F0045D1EF /* HQUIGestureRecognizer.swift in Sources */ = {isa = PBXBuildFile; fileRef = 2DF4E8DB1E9CFB2F0045D1EF /* HQUIGestureRecognizer.swift */; };
		2DF4E8E41E9CFCCD0045D1EF /* HQRotationView.swift in Sources */ = {isa = PBXBuildFile; fileRef = 2DF4E8E31E9CFCCD0045D1EF /* HQRotationView.swift */; };
		2DF4E8E61E9CFDC40045D1EF /* ViewUtil.swift in Sources */ = {isa = PBXBuildFile; fileRef = 2DF4E8E51E9CFDC40045D1EF /* ViewUtil.swift */; };
/* End PBXBuildFile section */

/* Begin PBXFileReference section */
		2DF4E8C61E9CFADA0045D1EF /* HQRotationGestureRecognizer.app */ = {isa = PBXFileReference; explicitFileType = wrapper.application; includeInIndex = 0; path = HQRotationGestureRecognizer.app; sourceTree = BUILT_PRODUCTS_DIR; };
		2DF4E8C91E9CFADA0045D1EF /* AppDelegate.swift */ = {isa = PBXFileReference; lastKnownFileType = sourcecode.swift; path = AppDelegate.swift; sourceTree = "<group>"; };
		2DF4E8CB1E9CFADA0045D1EF /* ViewController.swift */ = {isa = PBXFileReference; lastKnownFileType = sourcecode.swift; path = ViewController.swift; sourceTree = "<group>"; };
		2DF4E8CE1E9CFADA0045D1EF /* Base */ = {isa = PBXFileReference; lastKnownFileType = file.storyboard; name = Base; path = Base.lproj/Main.storyboard; sourceTree = "<group>"; };
		2DF4E8D01E9CFADA0045D1EF /* Assets.xcassets */ = {isa = PBXFileReference; lastKnownFileType = folder.assetcatalog; path = Assets.xcassets; sourceTree = "<group>"; };
		2DF4E8D31E9CFADA0045D1EF /* Base */ = {isa = PBXFileReference; lastKnownFileType = file.storyboard; name = Base; path = Base.lproj/LaunchScreen.storyboard; sourceTree = "<group>"; };
		2DF4E8D51E9CFADA0045D1EF /* Info.plist */ = {isa = PBXFileReference; lastKnownFileType = text.plist.xml; path = Info.plist; sourceTree = "<group>"; };
		2DF4E8DB1E9CFB2F0045D1EF /* HQUIGestureRecognizer.swift */ = {isa = PBXFileReference; fileEncoding = 4; lastKnownFileType = sourcecode.swift; path = HQUIGestureRecognizer.swift; sourceTree = "<group>"; };
		2DF4E8E31E9CFCCD0045D1EF /* HQRotationView.swift */ = {isa = PBXFileReference; fileEncoding = 4; lastKnownFileType = sourcecode.swift; path = HQRotationView.swift; sourceTree = "<group>"; };
		2DF4E8E51E9CFDC40045D1EF /* ViewUtil.swift */ = {isa = PBXFileReference; fileEncoding = 4; lastKnownFileType = sourcecode.swift; path = ViewUtil.swift; sourceTree = "<group>"; };
/* End PBXFileReference section */

/* Begin PBXFrameworksBuildPhase section */
		2DF4E8C31E9CFADA0045D1EF /* Frameworks */ = {
			isa = PBXFrameworksBuildPhase;
			buildActionMask = 2147483647;
			files = (
			);
			runOnlyForDeploymentPostprocessing = 0;
		};
/* End PBXFrameworksBuildPhase section */

/* Begin PBXGroup section */
		2DF4E8BD1E9CFADA0045D1EF = {
			isa = PBXGroup;
			children = (
				2DF4E8C81E9CFADA0045D1EF /* HQRotationGestureRecognizer */,
				2DF4E8C71E9CFADA0045D1EF /* Products */,
			);
			sourceTree = "<group>";
		};
		2DF4E8C71E9CFADA0045D1EF /* Products */ = {
			isa = PBXGroup;
			children = (
				2DF4E8C61E9CFADA0045D1EF /* HQRotationGestureRecognizer.app */,
			);
			name = Products;
			sourceTree = "<group>";
		};
		2DF4E8C81E9CFADA0045D1EF /* HQRotationGestureRecognizer */ = {
			isa = PBXGroup;
			children = (
				2DF4E8DB1E9CFB2F0045D1EF /* HQUIGestureRecognizer.swift */,
				2DF4E8E31E9CFCCD0045D1EF /* HQRotationView.swift */,
				2DF4E8E51E9CFDC40045D1EF /* ViewUtil.swift */,
				2DF4E8C91E9CFADA0045D1EF /* AppDelegate.swift */,
				2DF4E8CB1E9CFADA0045D1EF /* ViewController.swift */,
				2DF4E8CD1E9CFADA0045D1EF /* Main.storyboard */,
				2DF4E8D01E9CFADA0045D1EF /* Assets.xcassets */,
				2DF4E8D21E9CFADA0045D1EF /* LaunchScreen.storyboard */,
				2DF4E8D51E9CFADA0045D1EF /* Info.plist */,
			);
			path = HQRotationGestureRecognizer;
			sourceTree = "<group>";
		};
/* End PBXGroup section */

/* Begin PBXNativeTarget section */
		2DF4E8C51E9CFADA0045D1EF /* HQRotationGestureRecognizer */ = {
			isa = PBXNativeTarget;
			buildConfigurationList = 2DF4E8D81E9CFADA0045D1EF /* Build configuration list for PBXNativeTarget "HQRotationGestureRecognizer" */;
			buildPhases = (
				2DF4E8C21E9CFADA0045D1EF /* Sources */,
				2DF4E8C31E9CFADA0045D1EF /* Frameworks */,
				2DF4E8C41E9CFADA0045D1EF /* Resources */,
			);
			buildRules = (
			);
			dependencies = (
			);
			name = HQRotationGestureRecognizer;
			productName = HQRotationGestureRecognizer;
			productReference = 2DF4E8C61E9CFADA0045D1EF /* HQRotationGestureRecognizer.app */;
			productType = "com.apple.product-type.application";
		};
/* End PBXNativeTarget section */

/* Begin PBXProject section */
		2DF4E8BE1E9CFADA0045D1EF /* Project object */ = {
			isa = PBXProject;
			attributes = {
				LastSwiftUpdateCheck = 0820;
				LastUpgradeCheck = 0820;
				ORGANIZATIONNAME = HaiQuan;
				TargetAttributes = {
					2DF4E8C51E9CFADA0045D1EF = {
						CreatedOnToolsVersion = 8.2;
						DevelopmentTeam = KX689ZW5P4;
						ProvisioningStyle = Automatic;
					};
				};
			};
			buildConfigurationList = 2DF4E8C11E9CFADA0045D1EF /* Build configuration list for PBXProject "HQRotationGestureRecognizer" */;
			compatibilityVersion = "Xcode 3.2";
			developmentRegion = English;
			hasScannedForEncodings = 0;
			knownRegions = (
				en,
				Base,
			);
			mainGroup = 2DF4E8BD1E9CFADA0045D1EF;
			productRefGroup = 2DF4E8C71E9CFADA0045D1EF /* Products */;
			projectDirPath = "";
			projectRoot = "";
			targets = (
				2DF4E8C51E9CFADA0045D1EF /* HQRotationGestureRecognizer */,
			);
		};
/* End PBXProject section */

/* Begin PBXResourcesBuildPhase section */
		2DF4E8C41E9CFADA0045D1EF /* Resources */ = {
			isa = PBXResourcesBuildPhase;
			buildActionMask = 2147483647;
			files = (
				2DF4E8D41E9CFADA0045D1EF /* LaunchScreen.storyboard in Resources */,
				2DF4E8D11E9CFADA0045D1EF /* Assets.xcassets in Resources */,
				2DF4E8CF1E9CFADA0045D1EF /* Main.storyboard in Resources */,
			);
			runOnlyForDeploymentPostprocessing = 0;
		};
/* End PBXResourcesBuildPhase section */

/* Begin PBXSourcesBuildPhase section */
		2DF4E8C21E9CFADA0045D1EF /* Sources */ = {
			isa = PBXSourcesBuildPhase;
			buildActionMask = 2147483647;
			files = (
				2DF4E8E41E9CFCCD0045D1EF /* HQRotationView.swift in Sources */,
				2DF4E8DD1E9CFB2F0045D1EF /* HQUIGestureRecognizer.swift in Sources */,
				2DF4E8CC1E9CFADA0045D1EF /* ViewController.swift in Sources */,
				2DF4E8CA1E9CFADA0045D1EF /* AppDelegate.swift in Sources */,
				2DF4E8E61E9CFDC40045D1EF /* ViewUtil.swift in Sources */,
			);
			runOnlyForDeploymentPostprocessing = 0;
		};
/* End PBXSourcesBuildPhase section */

/* Begin PBXVariantGroup section */
		2DF4E8CD1E9CFADA0045D1EF /* Main.storyboard */ = {
			isa = PBXVariantGroup;
			children = (
				2DF4E8CE1E9CFADA0045D1EF /* Base */,
			);
			name = Main.storyboard;
			sourceTree = "<group>";
		};
		2DF4E8D21E9CFADA0045D1EF /* LaunchScreen.storyboard */ = {
			isa = PBXVariantGroup;
			children = (
				2DF4E8D31E9CFADA0045D1EF /* Base */,
			);
			name = LaunchScreen.storyboard;
			sourceTree = "<group>";
		};
/* End PBXVariantGroup section */

/* Begin XCBuildConfiguration section */
		2DF4E8D61E9CFADA0045D1EF /* Debug */ = {
			isa = XCBuildConfiguration;
			buildSettings = {
				ALWAYS_SEARCH_USER_PATHS = NO;
				CLANG_ANALYZER_NONNULL = YES;
				CLANG_CXX_LANGUAGE_STANDARD = "gnu++0x";
				CLANG_CXX_LIBRARY = "libc++";
				CLANG_ENABLE_MODULES = YES;
				CLANG_ENABLE_OBJC_ARC = YES;
				CLANG_WARN_BOOL_CONVERSION = YES;
				CLANG_WARN_CONSTANT_CONVERSION = YES;
				CLANG_WARN_DIRECT_OBJC_ISA_USAGE = YES_ERROR;
				CLANG_WARN_DOCUMENTATION_COMMENTS = YES;
				CLANG_WARN_EMPTY_BODY = YES;
				CLANG_WARN_ENUM_CONVERSION = YES;
				CLANG_WARN_INFINITE_RECURSION = YES;
				CLANG_WARN_INT_CONVERSION = YES;
				CLANG_WARN_OBJC_ROOT_CLASS = YES_ERROR;
				CLANG_WARN_SUSPICIOUS_MOVE = YES;
				CLANG_WARN_UNREACHABLE_CODE = YES;
				CLANG_WARN__DUPLICATE_METHOD_MATCH = YES;
				"CODE_SIGN_IDENTITY[sdk=iphoneos*]" = "iPhone Developer";
				COPY_PHASE_STRIP = NO;
				DEBUG_INFORMATION_FORMAT = dwarf;
				ENABLE_STRICT_OBJC_MSGSEND = YES;
				ENABLE_TESTABILITY = YES;
				GCC_C_LANGUAGE_STANDARD = gnu99;
				GCC_DYNAMIC_NO_PIC = NO;
				GCC_NO_COMMON_BLOCKS = YES;
				GCC_OPTIMIZATION_LEVEL = 0;
				GCC_PREPROCESSOR_DEFINITIONS = (
					"DEBUG=1",
					"$(inherited)",
				);
				GCC_WARN_64_TO_32_BIT_CONVERSION = YES;
				GCC_WARN_ABOUT_RETURN_TYPE = YES_ERROR;
				GCC_WARN_UNDECLARED_SELECTOR = YES;
				GCC_WARN_UNINITIALIZED_AUTOS = YES_AGGRESSIVE;
				GCC_WARN_UNUSED_FUNCTION = YES;
				GCC_WARN_UNUSED_VARIABLE = YES;
				IPHONEOS_DEPLOYMENT_TARGET = 10.2;
				MTL_ENABLE_DEBUG_INFO = YES;
				ONLY_ACTIVE_ARCH = YES;
				SDKROOT = iphoneos;
				SWIFT_ACTIVE_COMPILATION_CONDITIONS = DEBUG;
				SWIFT_OPTIMIZATION_LEVEL = "-Onone";
			};
			name = Debug;
		};
		2DF4E8D71E9CFADA0045D1EF /* Release */ = {
			isa = XCBuildConfiguration;
			buildSettings = {
				ALWAYS_SEARCH_USER_PATHS = NO;
				CLANG_ANALYZER_NONNULL = YES;
				CLANG_CXX_LANGUAGE_STANDARD = "gnu++0x";
				CLANG_CXX_LIBRARY = "libc++";
				CLANG_ENABLE_MODULES = YES;
				CLANG_ENABLE_OBJC_ARC = YES;
				CLANG_WARN_BOOL_CONVERSION = YES;
				CLANG_WARN_CONSTANT_CONVERSION = YES;
				CLANG_WARN_DIRECT_OBJC_ISA_USAGE = YES_ERROR;
				CLANG_WARN_DOCUMENTATION_COMMENTS = YES;
				CLANG_WARN_EMPTY_BODY = YES;
				CLANG_WARN_ENUM_CONVERSION = YES;
				CLANG_WARN_INFINITE_RECURSION = YES;
				CLANG_WARN_INT_CONVERSION = YES;
				CLANG_WARN_OBJC_ROOT_CLASS = YES_ERROR;
				CLANG_WARN_SUSPICIOUS_MOVE = YES;
				CLANG_WARN_UNREACHABLE_CODE = YES;
				CLANG_WARN__DUPLICATE_METHOD_MATCH = YES;
				"CODE_SIGN_IDENTITY[sdk=iphoneos*]" = "iPhone Developer";
				COPY_PHASE_STRIP = NO;
				DEBUG_INFORMATION_FORMAT = "dwarf-with-dsym";
				ENABLE_NS_ASSERTIONS = NO;
				ENABLE_STRICT_OBJC_MSGSEND = YES;
				GCC_C_LANGUAGE_STANDARD = gnu99;
				GCC_NO_COMMON_BLOCKS = YES;
				GCC_WARN_64_TO_32_BIT_CONVERSION = YES;
				GCC_WARN_ABOUT_RETURN_TYPE = YES_ERROR;
				GCC_WARN_UNDECLARED_SELECTOR = YES;
				GCC_WARN_UNINITIALIZED_AUTOS = YES_AGGRESSIVE;
				GCC_WARN_UNUSED_FUNCTION = YES;
				GCC_WARN_UNUSED_VARIABLE = YES;
				IPHONEOS_DEPLOYMENT_TARGET = 10.2;
				MTL_ENABLE_DEBUG_INFO = NO;
				SDKROOT = iphoneos;
				SWIFT_OPTIMIZATION_LEVEL = "-Owholemodule";
				VALIDATE_PRODUCT = YES;
			};
			name = Release;
		};
		2DF4E8D91E9CFADA0045D1EF /* Debug */ = {
			isa = XCBuildConfiguration;
			buildSettings = {
				ASSETCATALOG_COMPILER_APPICON_NAME = AppIcon;
				DEVELOPMENT_TEAM = KX689ZW5P4;
				INFOPLIST_FILE = HQRotationGestureRecognizer/Info.plist;
				LD_RUNPATH_SEARCH_PATHS = "$(inherited) @executable_path/Frameworks";
				PRODUCT_BUNDLE_IDENTIFIER = com.ango.www.HQRotationGestureRecognizer;
				PRODUCT_NAME = "$(TARGET_NAME)";
				SWIFT_VERSION = 3.0;
			};
			name = Debug;
		};
		2DF4E8DA1E9CFADA0045D1EF /* Release */ = {
			isa = XCBuildConfiguration;
			buildSettings = {
				ASSETCATALOG_COMPILER_APPICON_NAME = AppIcon;
				DEVELOPMENT_TEAM = KX689ZW5P4;
				INFOPLIST_FILE = HQRotationGestureRecognizer/Info.plist;
				LD_RUNPATH_SEARCH_PATHS = "$(inherited) @executable_path/Frameworks";
				PRODUCT_BUNDLE_IDENTIFIER = com.ango.www.HQRotationGestureRecognizer;
				PRODUCT_NAME = "$(TARGET_NAME)";
				SWIFT_VERSION = 3.0;
			};
			name = Release;
		};
/* End XCBuildConfiguration section */

/* Begin XCConfigurationList section */
		2DF4E8C11E9CFADA0045D1EF /* Build configuration list for PBXProject "HQRotationGestureRecognizer" */ = {
			isa = XCConfigurationList;
			buildConfigurations = (
				2DF4E8D61E9CFADA0045D1EF /* Debug */,
				2DF4E8D71E9CFADA0045D1EF /* Release */,
			);
			defaultConfigurationIsVisible = 0;
			defaultConfigurationName = Release;
		};
		2DF4E8D81E9CFADA0045D1EF /* Build configuration list for PBXNativeTarget "HQRotationGestureRecognizer" */ = {
			isa = XCConfigurationList;
			buildConfigurations = (
				2DF4E8D91E9CFADA0045D1EF /* Debug */,
				2DF4E8DA1E9CFADA0045D1EF /* Release */,
			);
			defaultConfigurationIsVisible = 0;
		};
/* End XCConfigurationList section */
	};
	rootObject = 2DF4E8BE1E9CFADA0045D1EF /* Project object */;
}
